
Microsoft Visual Studio Solution File, Format Version 12.00
# Visual Studio Version 17
VisualStudioVersion = 17.4.33110.190
MinimumVisualStudioVersion = 10.0.40219.1
Project("{FAE04EC0-301F-11D3-BF4B-00C04F79EFBC}") = "AssetTracker-Entity", "AssetTracker-Entity\AssetTracker-Entity.csproj", "{987DEB17-639A-4C17-A8FB-F39C6B6F63DD}"
EndProject
Global
	GlobalSection(SolutionConfigurationPlatforms) = preSolution
		Debug|Any CPU = Debug|Any CPU
		Release|Any CPU = Release|Any CPU
	EndGlobalSection
	GlobalSection(ProjectConfigurationPlatforms) = postSolution
		{987DEB17-639A-4C17-A8FB-F39C6B6F63DD}.Debug|Any CPU.ActiveCfg = Debug|Any CPU
		{987DEB17-639A-4C17-A8FB-F39C6B6F63DD}.Debug|Any CPU.Build.0 = Debug|Any CPU
		{987DEB17-639A-4C17-A8FB-F39C6B6F63DD}.Release|Any CPU.ActiveCfg = Release|Any CPU
		{987DEB17-639A-4C17-A8FB-F39C6B6F63DD}.Release|Any CPU.Build.0 = Release|Any CPU
	EndGlobalSection
	GlobalSection(SolutionProperties) = preSolution
		HideSolutionNode = FALSE
	EndGlobalSection
	GlobalSection(ExtensibilityGlobals) = postSolution
		SolutionGuid = {AE4F1DC0-6C6E-4CD7-B440-FE9BBF74EEF5}
	EndGlobalSection
EndGlobal
